
Microsoft Visual Studio Solution File, Format Version 12.00
# Visual Studio 2012
Project("{FAE04EC0-301F-11D3-BF4B-00C04F79EFBC}") = "AI.Xamarin.Abstraction", "..\AI.Xamarin.Abstraction\AI.Xamarin.Abstraction.csproj", "{FBAE8F3F-CA6E-48DB-A025-E1BB9CFD2307}"
EndProject
Project("{FAE04EC0-301F-11D3-BF4B-00C04F79EFBC}") = "AI.Xamarin.iOS", "..\AI.Xamarin.iOS\AI.Xamarin.iOS.csproj", "{CEA753D0-456C-41C2-98ED-2CE97A7F4542}"
EndProject
Project("{FAE04EC0-301F-11D3-BF4B-00C04F79EFBC}") = "AzureAI.XamarinDemo", "..\AzureAI.XamarinDemo\AzureAI.XamarinDemo.csproj", "{2B9BFA02-9B72-4D9D-BBE3-C3E2956A319C}"
EndProject
Global
	GlobalSection(SolutionConfigurationPlatforms) = preSolution
		Debug|iPhoneSimulator = Debug|iPhoneSimulator
		Release|iPhone = Release|iPhone
		Release|iPhoneSimulator = Release|iPhoneSimulator
		Debug|iPhone = Debug|iPhone
		Debug|Any CPU = Debug|Any CPU
		Release|Any CPU = Release|Any CPU
	EndGlobalSection
	GlobalSection(ProjectConfigurationPlatforms) = postSolution
		{2B9BFA02-9B72-4D9D-BBE3-C3E2956A319C}.Debug|Any CPU.ActiveCfg = Debug|iPhoneSimulator
		{2B9BFA02-9B72-4D9D-BBE3-C3E2956A319C}.Debug|Any CPU.Build.0 = Debug|iPhoneSimulator
		{2B9BFA02-9B72-4D9D-BBE3-C3E2956A319C}.Debug|iPhone.ActiveCfg = Debug|iPhone
		{2B9BFA02-9B72-4D9D-BBE3-C3E2956A319C}.Debug|iPhone.Build.0 = Debug|iPhone
		{2B9BFA02-9B72-4D9D-BBE3-C3E2956A319C}.Debug|iPhoneSimulator.ActiveCfg = Debug|iPhoneSimulator
		{2B9BFA02-9B72-4D9D-BBE3-C3E2956A319C}.Debug|iPhoneSimulator.Build.0 = Debug|iPhoneSimulator
		{2B9BFA02-9B72-4D9D-BBE3-C3E2956A319C}.Release|Any CPU.ActiveCfg = Release|iPhone
		{2B9BFA02-9B72-4D9D-BBE3-C3E2956A319C}.Release|Any CPU.Build.0 = Release|iPhone
		{2B9BFA02-9B72-4D9D-BBE3-C3E2956A319C}.Release|iPhone.ActiveCfg = Release|iPhone
		{2B9BFA02-9B72-4D9D-BBE3-C3E2956A319C}.Release|iPhone.Build.0 = Release|iPhone
		{2B9BFA02-9B72-4D9D-BBE3-C3E2956A319C}.Release|iPhoneSimulator.ActiveCfg = Release|iPhoneSimulator
		{2B9BFA02-9B72-4D9D-BBE3-C3E2956A319C}.Release|iPhoneSimulator.Build.0 = Release|iPhoneSimulator
		{CEA753D0-456C-41C2-98ED-2CE97A7F4542}.Debug|Any CPU.ActiveCfg = Debug|Any CPU
		{CEA753D0-456C-41C2-98ED-2CE97A7F4542}.Debug|Any CPU.Build.0 = Debug|Any CPU
		{CEA753D0-456C-41C2-98ED-2CE97A7F4542}.Debug|iPhone.ActiveCfg = Debug|Any CPU
		{CEA753D0-456C-41C2-98ED-2CE97A7F4542}.Debug|iPhone.Build.0 = Debug|Any CPU
		{CEA753D0-456C-41C2-98ED-2CE97A7F4542}.Debug|iPhoneSimulator.ActiveCfg = Debug|Any CPU
		{CEA753D0-456C-41C2-98ED-2CE97A7F4542}.Debug|iPhoneSimulator.Build.0 = Debug|Any CPU
		{CEA753D0-456C-41C2-98ED-2CE97A7F4542}.Release|Any CPU.ActiveCfg = Release|Any CPU
		{CEA753D0-456C-41C2-98ED-2CE97A7F4542}.Release|Any CPU.Build.0 = Release|Any CPU
		{CEA753D0-456C-41C2-98ED-2CE97A7F4542}.Release|iPhone.ActiveCfg = Release|Any CPU
		{CEA753D0-456C-41C2-98ED-2CE97A7F4542}.Release|iPhone.Build.0 = Release|Any CPU
		{CEA753D0-456C-41C2-98ED-2CE97A7F4542}.Release|iPhoneSimulator.ActiveCfg = Release|Any CPU
		{CEA753D0-456C-41C2-98ED-2CE97A7F4542}.Release|iPhoneSimulator.Build.0 = Release|Any CPU
		{FBAE8F3F-CA6E-48DB-A025-E1BB9CFD2307}.Debug|Any CPU.ActiveCfg = Debug|Any CPU
		{FBAE8F3F-CA6E-48DB-A025-E1BB9CFD2307}.Debug|Any CPU.Build.0 = Debug|Any CPU
		{FBAE8F3F-CA6E-48DB-A025-E1BB9CFD2307}.Debug|iPhone.ActiveCfg = Debug|Any CPU
		{FBAE8F3F-CA6E-48DB-A025-E1BB9CFD2307}.Debug|iPhone.Build.0 = Debug|Any CPU
		{FBAE8F3F-CA6E-48DB-A025-E1BB9CFD2307}.Debug|iPhoneSimulator.ActiveCfg = Debug|Any CPU
		{FBAE8F3F-CA6E-48DB-A025-E1BB9CFD2307}.Debug|iPhoneSimulator.Build.0 = Debug|Any CPU
		{FBAE8F3F-CA6E-48DB-A025-E1BB9CFD2307}.Release|Any CPU.ActiveCfg = Release|Any CPU
		{FBAE8F3F-CA6E-48DB-A025-E1BB9CFD2307}.Release|Any CPU.Build.0 = Release|Any CPU
		{FBAE8F3F-CA6E-48DB-A025-E1BB9CFD2307}.Release|iPhone.ActiveCfg = Release|Any CPU
		{FBAE8F3F-CA6E-48DB-A025-E1BB9CFD2307}.Release|iPhone.Build.0 = Release|Any CPU
		{FBAE8F3F-CA6E-48DB-A025-E1BB9CFD2307}.Release|iPhoneSimulator.ActiveCfg = Release|Any CPU
		{FBAE8F3F-CA6E-48DB-A025-E1BB9CFD2307}.Release|iPhoneSimulator.Build.0 = Release|Any CPU
	EndGlobalSection
EndGlobal
